
Microsoft Visual Studio Solution File, Format Version 12.00
# Visual Studio Version 16
VisualStudioVersion = 16.0.31605.320
MinimumVisualStudioVersion = 10.0.40219.1
Project("{FAE04EC0-301F-11D3-BF4B-00C04F79EFBC}") = "CraftingTool", "CraftingTool.csproj", "{30CBE2AD-7CFD-4D45-B771-540C723FC133}"
EndProject
Global
	GlobalSection(SolutionConfigurationPlatforms) = preSolution
		Debug|Any CPU = Debug|Any CPU
		Release|Any CPU = Release|Any CPU
	EndGlobalSection
	GlobalSection(ProjectConfigurationPlatforms) = postSolution
		{30CBE2AD-7CFD-4D45-B771-540C723FC133}.Debug|Any CPU.ActiveCfg = Debug|Any CPU
		{30CBE2AD-7CFD-4D45-B771-540C723FC133}.Debug|Any CPU.Build.0 = Debug|Any CPU
		{30CBE2AD-7CFD-4D45-B771-540C723FC133}.Release|Any CPU.ActiveCfg = Release|Any CPU
		{30CBE2AD-7CFD-4D45-B771-540C723FC133}.Release|Any CPU.Build.0 = Release|Any CPU
	EndGlobalSection
	GlobalSection(SolutionProperties) = preSolution
		HideSolutionNode = FALSE
	EndGlobalSection
	GlobalSection(ExtensibilityGlobals) = postSolution
		SolutionGuid = {7F038025-F2E8-4218-B20B-54A3FEA1A86E}
	EndGlobalSection
EndGlobal
